
Microsoft Visual Studio Solution File, Format Version 12.00
# Visual Studio Version 17
VisualStudioVersion = 17.4.33213.308
MinimumVisualStudioVersion = 10.0.40219.1
Project("{FAE04EC0-301F-11D3-BF4B-00C04F79EFBC}") = "FirstAzure", "FirstAzure.csproj", "{91B1376F-943E-4766-B7FA-5E6782156D11}"
EndProject
Global
	GlobalSection(SolutionConfigurationPlatforms) = preSolution
		Debug|Any CPU = Debug|Any CPU
		Release|Any CPU = Release|Any CPU
	EndGlobalSection
	GlobalSection(ProjectConfigurationPlatforms) = postSolution
		{91B1376F-943E-4766-B7FA-5E6782156D11}.Debug|Any CPU.ActiveCfg = Debug|Any CPU
		{91B1376F-943E-4766-B7FA-5E6782156D11}.Debug|Any CPU.Build.0 = Debug|Any CPU
		{91B1376F-943E-4766-B7FA-5E6782156D11}.Release|Any CPU.ActiveCfg = Release|Any CPU
		{91B1376F-943E-4766-B7FA-5E6782156D11}.Release|Any CPU.Build.0 = Release|Any CPU
	EndGlobalSection
	GlobalSection(SolutionProperties) = preSolution
		HideSolutionNode = FALSE
	EndGlobalSection
	GlobalSection(ExtensibilityGlobals) = postSolution
		SolutionGuid = {F3694F42-DECE-4249-9C89-6E0C14B9A84B}
	EndGlobalSection
EndGlobal
